// !$*UTF8*$!
{
	archiveVersion = 1;
	classes = {
	};
	objectVersion = 46;
	objects = {

/* Begin PBXBuildFile section */
		8462DBB91BB9C7AE002E28A1 /* main.m in Sources */ = {isa = PBXBuildFile; fileRef = 8462DBB81BB9C7AE002E28A1 /* main.m */; };
		8462DBBC1BB9C7AE002E28A1 /* AppDelegate.m in Sources */ = {isa = PBXBuildFile; fileRef = 8462DBBB1BB9C7AE002E28A1 /* AppDelegate.m */; };
		8462DBBF1BB9C7AE002E28A1 /* ViewController.m in Sources */ = {isa = PBXBuildFile; fileRef = 8462DBBE1BB9C7AE002E28A1 /* ViewController.m */; };
		8462DBC21BB9C7AE002E28A1 /* Main.storyboard in Resources */ = {isa = PBXBuildFile; fileRef = 8462DBC01BB9C7AE002E28A1 /* Main.storyboard */; };
		8462DBC41BB9C7AE002E28A1 /* Assets.xcassets in Resources */ = {isa = PBXBuildFile; fileRef = 8462DBC31BB9C7AE002E28A1 /* Assets.xcassets */; };
		8462DBC71BB9C7AE002E28A1 /* LaunchScreen.storyboard in Resources */ = {isa = PBXBuildFile; fileRef = 8462DBC51BB9C7AE002E28A1 /* LaunchScreen.storyboard */; };
		8462DBD21BB9C7AF002E28A1 /* tableViewV3Tests.m in Sources */ = {isa = PBXBuildFile; fileRef = 8462DBD11BB9C7AF002E28A1 /* tableViewV3Tests.m */; };
		8462DBDD1BB9C7AF002E28A1 /* tableViewV3UITests.m in Sources */ = {isa = PBXBuildFile; fileRef = 8462DBDC1BB9C7AF002E28A1 /* tableViewV3UITests.m */; };
		8462DBEB1BB9C7AF002E28A1 /* apple1.jpg in Resources */ = {isa = PBXBuildFile; fileRef = 8462DBEA1BB9C7AF002E28A1 /* apple1.jpg */; settings = {ASSET_TAGS = (); }; };
/* End PBXBuildFile section */

/* Begin PBXContainerItemProxy section */
		8462DBCE1BB9C7AF002E28A1 /* PBXContainerItemProxy */ = {
			isa = PBXContainerItemProxy;
			containerPortal = 8462DBAC1BB9C7AE002E28A1 /* Project object */;
			proxyType = 1;
			remoteGlobalIDString = 8462DBB31BB9C7AE002E28A1;
			remoteInfo = tableViewV3;
		};
		8462DBD91BB9C7AF002E28A1 /* PBXContainerItemProxy */ = {
			isa = PBXContainerItemProxy;
			containerPortal = 8462DBAC1BB9C7AE002E28A1 /* Project object */;
			proxyType = 1;
			remoteGlobalIDString = 8462DBB31BB9C7AE002E28A1;
			remoteInfo = tableViewV3;
		};
/* End PBXContainerItemProxy section */

/* Begin PBXFileReference section */
		8462DBB41BB9C7AE002E28A1 /* tableViewV3.app */ = {isa = PBXFileReference; explicitFileType = wrapper.application; includeInIndex = 0; path = tableViewV3.app; sourceTree = BUILT_PRODUCTS_DIR; };
		8462DBB81BB9C7AE002E28A1 /* main.m */ = {isa = PBXFileReference; lastKnownFileType = sourcecode.c.objc; path = main.m; sourceTree = "<group>"; };
		8462DBBA1BB9C7AE002E28A1 /* AppDelegate.h */ = {isa = PBXFileReference; lastKnownFileType = sourcecode.c.h; path = AppDelegate.h; sourceTree = "<group>"; };
		8462DBBB1BB9C7AE002E28A1 /* AppDelegate.m */ = {isa = PBXFileReference; lastKnownFileType = sourcecode.c.objc; path = AppDelegate.m; sourceTree = "<group>"; };
		8462DBBD1BB9C7AE002E28A1 /* ViewController.h */ = {isa = PBXFileReference; lastKnownFileType = sourcecode.c.h; path = ViewController.h; sourceTree = "<group>"; };
		8462DBBE1BB9C7AE002E28A1 /* ViewController.m */ = {isa = PBXFileReference; lastKnownFileType = sourcecode.c.objc; path = ViewController.m; sourceTree = "<group>"; };
		8462DBC11BB9C7AE002E28A1 /* Base */ = {isa = PBXFileReference; lastKnownFileType = file.storyboard; name = Base; path = Base.lproj/Main.storyboard; sourceTree = "<group>"; };
		8462DBC31BB9C7AE002E28A1 /* Assets.xcassets */ = {isa = PBXFileReference; lastKnownFileType = folder.assetcatalog; path = Assets.xcassets; sourceTree = "<group>"; };
		8462DBC61BB9C7AE002E28A1 /* Base */ = {isa = PBXFileReference; lastKnownFileType = file.storyboard; name = Base; path = Base.lproj/LaunchScreen.storyboard; sourceTree = "<group>"; };
		8462DBC81BB9C7AE002E28A1 /* Info.plist */ = {isa = PBXFileReference; lastKnownFileType = text.plist.xml; path = Info.plist; sourceTree = "<group>"; };
		8462DBCD1BB9C7AF002E28A1 /* tableViewV3Tests.xctest */ = {isa = PBXFileReference; explicitFileType = wrapper.cfbundle; includeInIndex = 0; path = tableViewV3Tests.xctest; sourceTree = BUILT_PRODUCTS_DIR; };
		8462DBD11BB9C7AF002E28A1 /* tableViewV3Tests.m */ = {isa = PBXFileReference; lastKnownFileType = sourcecode.c.objc; path = tableViewV3Tests.m; sourceTree = "<group>"; };
		8462DBD31BB9C7AF002E28A1 /* Info.plist */ = {isa = PBXFileReference; lastKnownFileType = text.plist.xml; path = Info.plist; sourceTree = "<group>"; };
		8462DBD81BB9C7AF002E28A1 /* tableViewV3UITests.xctest */ = {isa = PBXFileReference; explicitFileType = wrapper.cfbundle; includeInIndex = 0; path = tableViewV3UITests.xctest; sourceTree = BUILT_PRODUCTS_DIR; };
		8462DBDC1BB9C7AF002E28A1 /* tableViewV3UITests.m */ = {isa = PBXFileReference; lastKnownFileType = sourcecode.c.objc; path = tableViewV3UITests.m; sourceTree = "<group>"; };
		8462DBDE1BB9C7AF002E28A1 /* Info.plist */ = {isa = PBXFileReference; lastKnownFileType = text.plist.xml; path = Info.plist; sourceTree = "<group>"; };
		8462DBEA1BB9C7AF002E28A1 /* apple1.jpg */ = {isa = PBXFileReference; lastKnownFileType = image.jpeg; path = apple1.jpg; sourceTree = "<group>"; };
/* End PBXFileReference section */

/* Begin PBXFrameworksBuildPhase section */
		8462DBB11BB9C7AE002E28A1 /* Frameworks */ = {
			isa = PBXFrameworksBuildPhase;
			buildActionMask = 2147483647;
			files = (
			);
			runOnlyForDeploymentPostprocessing = 0;
		};
		8462DBCA1BB9C7AF002E28A1 /* Frameworks */ = {
			isa = PBXFrameworksBuildPhase;
			buildActionMask = 2147483647;
			files = (
			);
			runOnlyForDeploymentPostprocessing = 0;
		};
		8462DBD51BB9C7AF002E28A1 /* Frameworks */ = {
			isa = PBXFrameworksBuildPhase;
			buildActionMask = 2147483647;
			files = (
			);
			runOnlyForDeploymentPostprocessing = 0;
		};
/* End PBXFrameworksBuildPhase section */

/* Begin PBXGroup section */
		8462DBAB1BB9C7AE002E28A1 = {
			isa = PBXGroup;
			children = (
				8462DBB61BB9C7AE002E28A1 /* tableViewV3 */,
				8462DBD01BB9C7AF002E28A1 /* tableViewV3Tests */,
				8462DBDB1BB9C7AF002E28A1 /* tableViewV3UITests */,
				8462DBB51BB9C7AE002E28A1 /* Products */,
			);
			sourceTree = "<group>";
		};
		8462DBB51BB9C7AE002E28A1 /* Products */ = {
			isa = PBXGroup;
			children = (
				8462DBB41BB9C7AE002E28A1 /* tableViewV3.app */,
				8462DBCD1BB9C7AF002E28A1 /* tableViewV3Tests.xctest */,
				8462DBD81BB9C7AF002E28A1 /* tableViewV3UITests.xctest */,
			);
			name = Products;
			sourceTree = "<group>";
		};
		8462DBB61BB9C7AE002E28A1 /* tableViewV3 */ = {
			isa = PBXGroup;
			children = (
				8462DBEA1BB9C7AF002E28A1 /* apple1.jpg */,
				8462DBBA1BB9C7AE002E28A1 /* AppDelegate.h */,
				8462DBBB1BB9C7AE002E28A1 /* AppDelegate.m */,
				8462DBBD1BB9C7AE002E28A1 /* ViewController.h */,
				8462DBBE1BB9C7AE002E28A1 /* ViewController.m */,
				8462DBC01BB9C7AE002E28A1 /* Main.storyboard */,
				8462DBC31BB9C7AE002E28A1 /* Assets.xcassets */,
				8462DBC51BB9C7AE002E28A1 /* LaunchScreen.storyboard */,
				8462DBC81BB9C7AE002E28A1 /* Info.plist */,
				8462DBB71BB9C7AE002E28A1 /* Supporting Files */,
			);
			path = tableViewV3;
			sourceTree = "<group>";
		};
		8462DBB71BB9C7AE002E28A1 /* Supporting Files */ = {
			isa = PBXGroup;
			children = (
				8462DBB81BB9C7AE002E28A1 /* main.m */,
			);
			name = "Supporting Files";
			sourceTree = "<group>";
		};
		8462DBD01BB9C7AF002E28A1 /* tableViewV3Tests */ = {
			isa = PBXGroup;
			children = (
				8462DBD11BB9C7AF002E28A1 /* tableViewV3Tests.m */,
				8462DBD31BB9C7AF002E28A1 /* Info.plist */,
			);
			path = tableViewV3Tests;
			sourceTree = "<group>";
		};
		8462DBDB1BB9C7AF002E28A1 /* tableViewV3UITests */ = {
			isa = PBXGroup;
			children = (
				8462DBDC1BB9C7AF002E28A1 /* tableViewV3UITests.m */,
				8462DBDE1BB9C7AF002E28A1 /* Info.plist */,
			);
			path = tableViewV3UITests;
			sourceTree = "<group>";
		};
/* End PBXGroup section */

/* Begin PBXNativeTarget section */
		8462DBB31BB9C7AE002E28A1 /* tableViewV3 */ = {
			isa = PBXNativeTarget;
			buildConfigurationList = 8462DBE11BB9C7AF002E28A1 /* Build configuration list for PBXNativeTarget "tableViewV3" */;
			buildPhases = (
				8462DBB01BB9C7AE002E28A1 /* Sources */,
				8462DBB11BB9C7AE002E28A1 /* Frameworks */,
				8462DBB21BB9C7AE002E28A1 /* Resources */,
			);
			buildRules = (
			);
			dependencies = (
			);
			name = tableViewV3;
			productName = tableViewV3;
			productReference = 8462DBB41BB9C7AE002E28A1 /* tableViewV3.app */;
			productType = "com.apple.product-type.application";
		};
		8462DBCC1BB9C7AF002E28A1 /* tableViewV3Tests */ = {
			isa = PBXNativeTarget;
			buildConfigurationList = 8462DBE41BB9C7AF002E28A1 /* Build configuration list for PBXNativeTarget "tableViewV3Tests" */;
			buildPhases = (
				8462DBC91BB9C7AF002E28A1 /* Sources */,
				8462DBCA1BB9C7AF002E28A1 /* Frameworks */,
				8462DBCB1BB9C7AF002E28A1 /* Resources */,
			);
			buildRules = (
			);
			dependencies = (
				8462DBCF1BB9C7AF002E28A1 /* PBXTargetDependency */,
			);
			name = tableViewV3Tests;
			productName = tableViewV3Tests;
			productReference = 8462DBCD1BB9C7AF002E28A1 /* tableViewV3Tests.xctest */;
			productType = "com.apple.product-type.bundle.unit-test";
		};
		8462DBD71BB9C7AF002E28A1 /* tableViewV3UITests */ = {
			isa = PBXNativeTarget;
			buildConfigurationList = 8462DBE71BB9C7AF002E28A1 /* Build configuration list for PBXNativeTarget "tableViewV3UITests" */;
			buildPhases = (
				8462DBD41BB9C7AF002E28A1 /* Sources */,
				8462DBD51BB9C7AF002E28A1 /* Frameworks */,
				8462DBD61BB9C7AF002E28A1 /* Resources */,
			);
			buildRules = (
			);
			dependencies = (
				8462DBDA1BB9C7AF002E28A1 /* PBXTargetDependency */,
			);
			name = tableViewV3UITests;
			productName = tableViewV3UITests;
			productReference = 8462DBD81BB9C7AF002E28A1 /* tableViewV3UITests.xctest */;
			productType = "com.apple.product-type.bundle.ui-testing";
		};
/* End PBXNativeTarget section */

/* Begin PBXProject section */
		8462DBAC1BB9C7AE002E28A1 /* Project object */ = {
			isa = PBXProject;
			attributes = {
				LastUpgradeCheck = 0700;
				ORGANIZATIONNAME = admin;
				TargetAttributes = {
					8462DBB31BB9C7AE002E28A1 = {
						CreatedOnToolsVersion = 7.0;
					};
					8462DBCC1BB9C7AF002E28A1 = {
						CreatedOnToolsVersion = 7.0;
						TestTargetID = 8462DBB31BB9C7AE002E28A1;
					};
					8462DBD71BB9C7AF002E28A1 = {
						CreatedOnToolsVersion = 7.0;
						TestTargetID = 8462DBB31BB9C7AE002E28A1;
					};
				};
			};
			buildConfigurationList = 8462DBAF1BB9C7AE002E28A1 /* Build configuration list for PBXProject "tableViewV3" */;
			compatibilityVersion = "Xcode 3.2";
			developmentRegion = English;
			hasScannedForEncodings = 0;
			knownRegions = (
				en,
				Base,
			);
			mainGroup = 8462DBAB1BB9C7AE002E28A1;
			productRefGroup = 8462DBB51BB9C7AE002E28A1 /* Products */;
			projectDirPath = "";
			projectRoot = "";
			targets = (
				8462DBB31BB9C7AE002E28A1 /* tableViewV3 */,
				8462DBCC1BB9C7AF002E28A1 /* tableViewV3Tests */,
				8462DBD71BB9C7AF002E28A1 /* tableViewV3UITests */,
			);
		};
/* End PBXProject section */

/* Begin PBXResourcesBuildPhase section */
		8462DBB21BB9C7AE002E28A1 /* Resources */ = {
			isa = PBXResourcesBuildPhase;
			buildActionMask = 2147483647;
			files = (
				8462DBEB1BB9C7AF002E28A1 /* apple1.jpg in Resources */,
				8462DBC71BB9C7AE002E28A1 /* LaunchScreen.storyboard in Resources */,
				8462DBC41BB9C7AE002E28A1 /* Assets.xcassets in Resources */,
				8462DBC21BB9C7AE002E28A1 /* Main.storyboard in Resources */,
			);
			runOnlyForDeploymentPostprocessing = 0;
		};
		8462DBCB1BB9C7AF002E28A1 /* Resources */ = {
			isa = PBXResourcesBuildPhase;
			buildActionMask = 2147483647;
			files = (
			);
			runOnlyForDeploymentPostprocessing = 0;
		};
		8462DBD61BB9C7AF002E28A1 /* Resources */ = {
			isa = PBXResourcesBuildPhase;
			buildActionMask = 2147483647;
			files = (
			);
			runOnlyForDeploymentPostprocessing = 0;
		};
/* End PBXResourcesBuildPhase section */

/* Begin PBXSourcesBuildPhase section */
		8462DBB01BB9C7AE002E28A1 /* Sources */ = {
			isa = PBXSourcesBuildPhase;
			buildActionMask = 2147483647;
			files = (
				8462DBBF1BB9C7AE002E28A1 /* ViewController.m in Sources */,
				8462DBBC1BB9C7AE002E28A1 /* AppDelegate.m in Sources */,
				8462DBB91BB9C7AE002E28A1 /* main.m in Sources */,
			);
			runOnlyForDeploymentPostprocessing = 0;
		};
		8462DBC91BB9C7AF002E28A1 /* Sources */ = {
			isa = PBXSourcesBuildPhase;
			buildActionMask = 2147483647;
			files = (
				8462DBD21BB9C7AF002E28A1 /* tableViewV3Tests.m in Sources */,
			);
			runOnlyForDeploymentPostprocessing = 0;
		};
		8462DBD41BB9C7AF002E28A1 /* Sources */ = {
			isa = PBXSourcesBuildPhase;
			buildActionMask = 2147483647;
			files = (
				8462DBDD1BB9C7AF002E28A1 /* tableViewV3UITests.m in Sources */,
			);
			runOnlyForDeploymentPostprocessing = 0;
		};
/* End PBXSourcesBuildPhase section */

/* Begin PBXTargetDependency section */
		8462DBCF1BB9C7AF002E28A1 /* PBXTargetDependency */ = {
			isa = PBXTargetDependency;
			target = 8462DBB31BB9C7AE002E28A1 /* tableViewV3 */;
			targetProxy = 8462DBCE1BB9C7AF002E28A1 /* PBXContainerItemProxy */;
		};
		8462DBDA1BB9C7AF002E28A1 /* PBXTargetDependency */ = {
			isa = PBXTargetDependency;
			target = 8462DBB31BB9C7AE002E28A1 /* tableViewV3 */;
			targetProxy = 8462DBD91BB9C7AF002E28A1 /* PBXContainerItemProxy */;
		};
/* End PBXTargetDependency section */

/* Begin PBXVariantGroup section */
		8462DBC01BB9C7AE002E28A1 /* Main.storyboard */ = {
			isa = PBXVariantGroup;
			children = (
				8462DBC11BB9C7AE002E28A1 /* Base */,
			);
			name = Main.storyboard;
			sourceTree = "<group>";
		};
		8462DBC51BB9C7AE002E28A1 /* LaunchScreen.storyboard */ = {
			isa = PBXVariantGroup;
			children = (
				8462DBC61BB9C7AE002E28A1 /* Base */,
			);
			name = LaunchScreen.storyboard;
			sourceTree = "<group>";
		};
/* End PBXVariantGroup section */

/* Begin XCBuildConfiguration section */
		8462DBDF1BB9C7AF002E28A1 /* Debug */ = {
			isa = XCBuildConfiguration;
			buildSettings = {
				ALWAYS_SEARCH_USER_PATHS = NO;
				CLANG_CXX_LANGUAGE_STANDARD = "gnu++0x";
				CLANG_CXX_LIBRARY = "libc++";
				CLANG_ENABLE_MODULES = YES;
				CLANG_ENABLE_OBJC_ARC = YES;
				CLANG_WARN_BOOL_CONVERSION = YES;
				CLANG_WARN_CONSTANT_CONVERSION = YES;
				CLANG_WARN_DIRECT_OBJC_ISA_USAGE = YES_ERROR;
				CLANG_WARN_EMPTY_BODY = YES;
				CLANG_WARN_ENUM_CONVERSION = YES;
				CLANG_WARN_INT_CONVERSION = YES;
				CLANG_WARN_OBJC_ROOT_CLASS = YES_ERROR;
				CLANG_WARN_UNREACHABLE_CODE = YES;
				CLANG_WARN__DUPLICATE_METHOD_MATCH = YES;
				"CODE_SIGN_IDENTITY[sdk=iphoneos*]" = "iPhone Developer";
				COPY_PHASE_STRIP = NO;
				DEBUG_INFORMATION_FORMAT = dwarf;
				ENABLE_STRICT_OBJC_MSGSEND = YES;
				ENABLE_TESTABILITY = YES;
				GCC_C_LANGUAGE_STANDARD = gnu99;
				GCC_DYNAMIC_NO_PIC = NO;
				GCC_NO_COMMON_BLOCKS = YES;
				GCC_OPTIMIZATION_LEVEL = 0;
				GCC_PREPROCESSOR_DEFINITIONS = (
					"DEBUG=1",
					"$(inherited)",
				);
				GCC_WARN_64_TO_32_BIT_CONVERSION = YES;
				GCC_WARN_ABOUT_RETURN_TYPE = YES_ERROR;
				GCC_WARN_UNDECLARED_SELECTOR = YES;
				GCC_WARN_UNINITIALIZED_AUTOS = YES_AGGRESSIVE;
				GCC_WARN_UNUSED_FUNCTION = YES;
				GCC_WARN_UNUSED_VARIABLE = YES;
				IPHONEOS_DEPLOYMENT_TARGET = 9.0;
				MTL_ENABLE_DEBUG_INFO = YES;
				ONLY_ACTIVE_ARCH = YES;
				SDKROOT = iphoneos;
				TARGETED_DEVICE_FAMILY = "1,2";
			};
			name = Debug;
		};
		8462DBE01BB9C7AF002E28A1 /* Release */ = {
			isa = XCBuildConfiguration;
			buildSettings = {
				ALWAYS_SEARCH_USER_PATHS = NO;
				CLANG_CXX_LANGUAGE_STANDARD = "gnu++0x";
				CLANG_CXX_LIBRARY = "libc++";
				CLANG_ENABLE_MODULES = YES;
				CLANG_ENABLE_OBJC_ARC = YES;
				CLANG_WARN_BOOL_CONVERSION = YES;
				CLANG_WARN_CONSTANT_CONVERSION = YES;
				CLANG_WARN_DIRECT_OBJC_ISA_USAGE = YES_ERROR;
				CLANG_WARN_EMPTY_BODY = YES;
				CLANG_WARN_ENUM_CONVERSION = YES;
				CLANG_WARN_INT_CONVERSION = YES;
				CLANG_WARN_OBJC_ROOT_CLASS = YES_ERROR;
				CLANG_WARN_UNREACHABLE_CODE = YES;
				CLANG_WARN__DUPLICATE_METHOD_MATCH = YES;
				"CODE_SIGN_IDENTITY[sdk=iphoneos*]" = "iPhone Developer";
				COPY_PHASE_STRIP = NO;
				DEBUG_INFORMATION_FORMAT = "dwarf-with-dsym";
				ENABLE_NS_ASSERTIONS = NO;
				ENABLE_STRICT_OBJC_MSGSEND = YES;
				GCC_C_LANGUAGE_STANDARD = gnu99;
				GCC_NO_COMMON_BLOCKS = YES;
				GCC_WARN_64_TO_32_BIT_CONVERSION = YES;
				GCC_WARN_ABOUT_RETURN_TYPE = YES_ERROR;
				GCC_WARN_UNDECLARED_SELECTOR = YES;
				GCC_WARN_UNINITIALIZED_AUTOS = YES_AGGRESSIVE;
				GCC_WARN_UNUSED_FUNCTION = YES;
				GCC_WARN_UNUSED_VARIABLE = YES;
				IPHONEOS_DEPLOYMENT_TARGET = 9.0;
				MTL_ENABLE_DEBUG_INFO = NO;
				SDKROOT = iphoneos;
				TARGETED_DEVICE_FAMILY = "1,2";
				VALIDATE_PRODUCT = YES;
			};
			name = Release;
		};
		8462DBE21BB9C7AF002E28A1 /* Debug */ = {
			isa = XCBuildConfiguration;
			buildSettings = {
				ASSETCATALOG_COMPILER_APPICON_NAME = AppIcon;
				INFOPLIST_FILE = tableViewV3/Info.plist;
				LD_RUNPATH_SEARCH_PATHS = "$(inherited) @executable_path/Frameworks";
				PRODUCT_BUNDLE_IDENTIFIER = com.toanfanta.swift.tableViewV3;
				PRODUCT_NAME = "$(TARGET_NAME)";
			};
			name = Debug;
		};
		8462DBE31BB9C7AF002E28A1 /* Release */ = {
			isa = XCBuildConfiguration;
			buildSettings = {
				ASSETCATALOG_COMPILER_APPICON_NAME = AppIcon;
				INFOPLIST_FILE = tableViewV3/Info.plist;
				LD_RUNPATH_SEARCH_PATHS = "$(inherited) @executable_path/Frameworks";
				PRODUCT_BUNDLE_IDENTIFIER = com.toanfanta.swift.tableViewV3;
				PRODUCT_NAME = "$(TARGET_NAME)";
			};
			name = Release;
		};
		8462DBE51BB9C7AF002E28A1 /* Debug */ = {
			isa = XCBuildConfiguration;
			buildSettings = {
				BUNDLE_LOADER = "$(TEST_HOST)";
				INFOPLIST_FILE = tableViewV3Tests/Info.plist;
				LD_RUNPATH_SEARCH_PATHS = "$(inherited) @executable_path/Frameworks @loader_path/Frameworks";
				PRODUCT_BUNDLE_IDENTIFIER = com.toanfanta.swift.tableViewV3Tests;
				PRODUCT_NAME = "$(TARGET_NAME)";
				TEST_HOST = "$(BUILT_PRODUCTS_DIR)/tableViewV3.app/tableViewV3";
			};
			name = Debug;
		};
		8462DBE61BB9C7AF002E28A1 /* Release */ = {
			isa = XCBuildConfiguration;
			buildSettings = {
				BUNDLE_LOADER = "$(TEST_HOST)";
				INFOPLIST_FILE = tableViewV3Tests/Info.plist;
				LD_RUNPATH_SEARCH_PATHS = "$(inherited) @executable_path/Frameworks @loader_path/Frameworks";
				PRODUCT_BUNDLE_IDENTIFIER = com.toanfanta.swift.tableViewV3Tests;
				PRODUCT_NAME = "$(TARGET_NAME)";
				TEST_HOST = "$(BUILT_PRODUCTS_DIR)/tableViewV3.app/tableViewV3";
			};
			name = Release;
		};
		8462DBE81BB9C7AF002E28A1 /* Debug */ = {
			isa = XCBuildConfiguration;
			buildSettings = {
				INFOPLIST_FILE = tableViewV3UITests/Info.plist;
				LD_RUNPATH_SEARCH_PATHS = "$(inherited) @executable_path/Frameworks @loader_path/Frameworks";
				PRODUCT_BUNDLE_IDENTIFIER = com.toanfanta.swift.tableViewV3UITests;
				PRODUCT_NAME = "$(TARGET_NAME)";
				TEST_TARGET_NAME = tableViewV3;
				USES_XCTRUNNER = YES;
			};
			name = Debug;
		};
		8462DBE91BB9C7AF002E28A1 /* Release */ = {
			isa = XCBuildConfiguration;
			buildSettings = {
				INFOPLIST_FILE = tableViewV3UITests/Info.plist;
				LD_RUNPATH_SEARCH_PATHS = "$(inherited) @executable_path/Frameworks @loader_path/Frameworks";
				PRODUCT_BUNDLE_IDENTIFIER = com.toanfanta.swift.tableViewV3UITests;
				PRODUCT_NAME = "$(TARGET_NAME)";
				TEST_TARGET_NAME = tableViewV3;
				USES_XCTRUNNER = YES;
			};
			name = Release;
		};
/* End XCBuildConfiguration section */

/* Begin XCConfigurationList section */
		8462DBAF1BB9C7AE002E28A1 /* Build configuration list for PBXProject "tableViewV3" */ = {
			isa = XCConfigurationList;
			buildConfigurations = (
				8462DBDF1BB9C7AF002E28A1 /* Debug */,
				8462DBE01BB9C7AF002E28A1 /* Release */,
			);
			defaultConfigurationIsVisible = 0;
			defaultConfigurationName = Release;
		};
		8462DBE11BB9C7AF002E28A1 /* Build configuration list for PBXNativeTarget "tableViewV3" */ = {
			isa = XCConfigurationList;
			buildConfigurations = (
				8462DBE21BB9C7AF002E28A1 /* Debug */,
				8462DBE31BB9C7AF002E28A1 /* Release */,
			);
			defaultConfigurationIsVisible = 0;
		};
		8462DBE41BB9C7AF002E28A1 /* Build configuration list for PBXNativeTarget "tableViewV3Tests" */ = {
			isa = XCConfigurationList;
			buildConfigurations = (
				8462DBE51BB9C7AF002E28A1 /* Debug */,
				8462DBE61BB9C7AF002E28A1 /* Release */,
			);
			defaultConfigurationIsVisible = 0;
		};
		8462DBE71BB9C7AF002E28A1 /* Build configuration list for PBXNativeTarget "tableViewV3UITests" */ = {
			isa = XCConfigurationList;
			buildConfigurations = (
				8462DBE81BB9C7AF002E28A1 /* Debug */,
				8462DBE91BB9C7AF002E28A1 /* Release */,
			);
			defaultConfigurationIsVisible = 0;
		};
/* End XCConfigurationList section */
	};
	rootObject = 8462DBAC1BB9C7AE002E28A1 /* Project object */;
}
